// !$*UTF8*$!
{
	archiveVersion = 1;
	classes = {
	};
	objectVersion = 50;
	objects = {

/* Begin PBXBuildFile section */
		8E22CFF526337A5200A36740 /* LocationListViews.swift in Sources */ = {isa = PBXBuildFile; fileRef = 8E22CFF426337A5200A36740 /* LocationListViews.swift */; };
		8E22CFFA263380CC00A36740 /* vaccineClaimView.swift in Sources */ = {isa = PBXBuildFile; fileRef = 8E22CFF9263380CC00A36740 /* vaccineClaimView.swift */; };
		8E36226F260BB1BA006538C9 /* CovidSafeApp.swift in Sources */ = {isa = PBXBuildFile; fileRef = 8E36226E260BB1BA006538C9 /* CovidSafeApp.swift */; };
		8E362271260BB1BA006538C9 /* ContentView.swift in Sources */ = {isa = PBXBuildFile; fileRef = 8E362270260BB1BA006538C9 /* ContentView.swift */; };
		8E362273260BB1BB006538C9 /* Assets.xcassets in Resources */ = {isa = PBXBuildFile; fileRef = 8E362272260BB1BB006538C9 /* Assets.xcassets */; };
		8E362276260BB1BB006538C9 /* Preview Assets.xcassets in Resources */ = {isa = PBXBuildFile; fileRef = 8E362275260BB1BB006538C9 /* Preview Assets.xcassets */; };
		8E362281260BB1BB006538C9 /* CovidSafeTests.swift in Sources */ = {isa = PBXBuildFile; fileRef = 8E362280260BB1BB006538C9 /* CovidSafeTests.swift */; };
		8E36228C260BB1BB006538C9 /* CovidSafeUITests.swift in Sources */ = {isa = PBXBuildFile; fileRef = 8E36228B260BB1BB006538C9 /* CovidSafeUITests.swift */; };
		8E36229D260BB1D3006538C9 /* Profile.swift in Sources */ = {isa = PBXBuildFile; fileRef = 8E36229C260BB1D3006538C9 /* Profile.swift */; };
		8E3622A2260BB328006538C9 /* ProfileHost.swift in Sources */ = {isa = PBXBuildFile; fileRef = 8E3622A1260BB328006538C9 /* ProfileHost.swift */; };
		8E3622A7260BB570006538C9 /* ProfileSummary.swift in Sources */ = {isa = PBXBuildFile; fileRef = 8E3622A6260BB570006538C9 /* ProfileSummary.swift */; };
		8E3622AC260D467C006538C9 /* LogorSignUpScreen.swift in Sources */ = {isa = PBXBuildFile; fileRef = 8E3622AB260D467C006538C9 /* LogorSignUpScreen.swift */; };
		8E3622B1260D4850006538C9 /* LogIn.swift in Sources */ = {isa = PBXBuildFile; fileRef = 8E3622B0260D4850006538C9 /* LogIn.swift */; };
		8E3622B6260D585A006538C9 /* SignUpPage.swift in Sources */ = {isa = PBXBuildFile; fileRef = 8E3622B5260D585A006538C9 /* SignUpPage.swift */; };
		8E865EE726292B65001B09A2 /* VaccinationLocation.swift in Sources */ = {isa = PBXBuildFile; fileRef = 8E865EE626292B65001B09A2 /* VaccinationLocation.swift */; };
		8E865EEC26292CCC001B09A2 /* ModelData.swift in Sources */ = {isa = PBXBuildFile; fileRef = 8E865EEB26292CCC001B09A2 /* ModelData.swift */; };
		8E865EF12629370D001B09A2 /* locationsInfo.json in Resources */ = {isa = PBXBuildFile; fileRef = 8E865EF02629370D001B09A2 /* locationsInfo.json */; };
		8E865EF626293A3C001B09A2 /* LocationRowView.swift in Sources */ = {isa = PBXBuildFile; fileRef = 8E865EF526293A3C001B09A2 /* LocationRowView.swift */; };
/* End PBXBuildFile section */

/* Begin PBXContainerItemProxy section */
		8E36227D260BB1BB006538C9 /* PBXContainerItemProxy */ = {
			isa = PBXContainerItemProxy;
			containerPortal = 8E362263260BB1BA006538C9 /* Project object */;
			proxyType = 1;
			remoteGlobalIDString = 8E36226A260BB1BA006538C9;
			remoteInfo = CovidSafe;
		};
		8E362288260BB1BB006538C9 /* PBXContainerItemProxy */ = {
			isa = PBXContainerItemProxy;
			containerPortal = 8E362263260BB1BA006538C9 /* Project object */;
			proxyType = 1;
			remoteGlobalIDString = 8E36226A260BB1BA006538C9;
			remoteInfo = CovidSafe;
		};
/* End PBXContainerItemProxy section */

/* Begin PBXFileReference section */
		8E22CFF426337A5200A36740 /* LocationListViews.swift */ = {isa = PBXFileReference; lastKnownFileType = sourcecode.swift; path = LocationListViews.swift; sourceTree = "<group>"; };
		8E22CFF9263380CC00A36740 /* vaccineClaimView.swift */ = {isa = PBXFileReference; lastKnownFileType = sourcecode.swift; path = vaccineClaimView.swift; sourceTree = "<group>"; };
		8E36226B260BB1BA006538C9 /* CovidSafe.app */ = {isa = PBXFileReference; explicitFileType = wrapper.application; includeInIndex = 0; path = CovidSafe.app; sourceTree = BUILT_PRODUCTS_DIR; };
		8E36226E260BB1BA006538C9 /* CovidSafeApp.swift */ = {isa = PBXFileReference; lastKnownFileType = sourcecode.swift; path = CovidSafeApp.swift; sourceTree = "<group>"; };
		8E362270260BB1BA006538C9 /* ContentView.swift */ = {isa = PBXFileReference; lastKnownFileType = sourcecode.swift; path = ContentView.swift; sourceTree = "<group>"; };
		8E362272260BB1BB006538C9 /* Assets.xcassets */ = {isa = PBXFileReference; lastKnownFileType = folder.assetcatalog; path = Assets.xcassets; sourceTree = "<group>"; };
		8E362275260BB1BB006538C9 /* Preview Assets.xcassets */ = {isa = PBXFileReference; lastKnownFileType = folder.assetcatalog; path = "Preview Assets.xcassets"; sourceTree = "<group>"; };
		8E362277260BB1BB006538C9 /* Info.plist */ = {isa = PBXFileReference; lastKnownFileType = text.plist.xml; path = Info.plist; sourceTree = "<group>"; };
		8E36227C260BB1BB006538C9 /* CovidSafeTests.xctest */ = {isa = PBXFileReference; explicitFileType = wrapper.cfbundle; includeInIndex = 0; path = CovidSafeTests.xctest; sourceTree = BUILT_PRODUCTS_DIR; };
		8E362280260BB1BB006538C9 /* CovidSafeTests.swift */ = {isa = PBXFileReference; lastKnownFileType = sourcecode.swift; path = CovidSafeTests.swift; sourceTree = "<group>"; };
		8E362282260BB1BB006538C9 /* Info.plist */ = {isa = PBXFileReference; lastKnownFileType = text.plist.xml; path = Info.plist; sourceTree = "<group>"; };
		8E362287260BB1BB006538C9 /* CovidSafeUITests.xctest */ = {isa = PBXFileReference; explicitFileType = wrapper.cfbundle; includeInIndex = 0; path = CovidSafeUITests.xctest; sourceTree = BUILT_PRODUCTS_DIR; };
		8E36228B260BB1BB006538C9 /* CovidSafeUITests.swift */ = {isa = PBXFileReference; lastKnownFileType = sourcecode.swift; path = CovidSafeUITests.swift; sourceTree = "<group>"; };
		8E36228D260BB1BB006538C9 /* Info.plist */ = {isa = PBXFileReference; lastKnownFileType = text.plist.xml; path = Info.plist; sourceTree = "<group>"; };
		8E36229C260BB1D3006538C9 /* Profile.swift */ = {isa = PBXFileReference; lastKnownFileType = sourcecode.swift; path = Profile.swift; sourceTree = "<group>"; };
		8E3622A1260BB328006538C9 /* ProfileHost.swift */ = {isa = PBXFileReference; lastKnownFileType = sourcecode.swift; path = ProfileHost.swift; sourceTree = "<group>"; };
		8E3622A6260BB570006538C9 /* ProfileSummary.swift */ = {isa = PBXFileReference; lastKnownFileType = sourcecode.swift; path = ProfileSummary.swift; sourceTree = "<group>"; };
		8E3622AB260D467C006538C9 /* LogorSignUpScreen.swift */ = {isa = PBXFileReference; lastKnownFileType = sourcecode.swift; path = LogorSignUpScreen.swift; sourceTree = "<group>"; };
		8E3622B0260D4850006538C9 /* LogIn.swift */ = {isa = PBXFileReference; lastKnownFileType = sourcecode.swift; path = LogIn.swift; sourceTree = "<group>"; };
		8E3622B5260D585A006538C9 /* SignUpPage.swift */ = {isa = PBXFileReference; lastKnownFileType = sourcecode.swift; path = SignUpPage.swift; sourceTree = "<group>"; };
		8E865EE626292B65001B09A2 /* VaccinationLocation.swift */ = {isa = PBXFileReference; lastKnownFileType = sourcecode.swift; path = VaccinationLocation.swift; sourceTree = "<group>"; };
		8E865EEB26292CCC001B09A2 /* ModelData.swift */ = {isa = PBXFileReference; lastKnownFileType = sourcecode.swift; path = ModelData.swift; sourceTree = "<group>"; };
		8E865EF02629370D001B09A2 /* locationsInfo.json */ = {isa = PBXFileReference; lastKnownFileType = text.json; path = locationsInfo.json; sourceTree = "<group>"; };
		8E865EF526293A3C001B09A2 /* LocationRowView.swift */ = {isa = PBXFileReference; lastKnownFileType = sourcecode.swift; path = LocationRowView.swift; sourceTree = "<group>"; };
/* End PBXFileReference section */

/* Begin PBXFrameworksBuildPhase section */
		8E362268260BB1BA006538C9 /* Frameworks */ = {
			isa = PBXFrameworksBuildPhase;
			buildActionMask = 2147483647;
			files = (
			);
			runOnlyForDeploymentPostprocessing = 0;
		};
		8E362279260BB1BB006538C9 /* Frameworks */ = {
			isa = PBXFrameworksBuildPhase;
			buildActionMask = 2147483647;
			files = (
			);
			runOnlyForDeploymentPostprocessing = 0;
		};
		8E362284260BB1BB006538C9 /* Frameworks */ = {
			isa = PBXFrameworksBuildPhase;
			buildActionMask = 2147483647;
			files = (
			);
			runOnlyForDeploymentPostprocessing = 0;
		};
/* End PBXFrameworksBuildPhase section */

/* Begin PBXGroup section */
		8E362262260BB1BA006538C9 = {
			isa = PBXGroup;
			children = (
				8E36226D260BB1BA006538C9 /* CovidSafe */,
				8E36227F260BB1BB006538C9 /* CovidSafeTests */,
				8E36228A260BB1BB006538C9 /* CovidSafeUITests */,
				8E36226C260BB1BA006538C9 /* Products */,
			);
			sourceTree = "<group>";
		};
		8E36226C260BB1BA006538C9 /* Products */ = {
			isa = PBXGroup;
			children = (
				8E36226B260BB1BA006538C9 /* CovidSafe.app */,
				8E36227C260BB1BB006538C9 /* CovidSafeTests.xctest */,
				8E362287260BB1BB006538C9 /* CovidSafeUITests.xctest */,
			);
			name = Products;
			sourceTree = "<group>";
		};
		8E36226D260BB1BA006538C9 /* CovidSafe */ = {
			isa = PBXGroup;
			children = (
				8E865F07262974CA001B09A2 /* Model */,
				8E865F0626297497001B09A2 /* Views */,
				8E865F08262974ED001B09A2 /* Data */,
				8EBCC24D262545C6006140FB /* Main */,
				8EBCC24C262545AA006140FB /* Profile */,
				8EB16BAA260D8A6C009E2EE1 /* Log In  */,
				8E362272260BB1BB006538C9 /* Assets.xcassets */,
				8E362277260BB1BB006538C9 /* Info.plist */,
				8E362274260BB1BB006538C9 /* Preview Content */,
			);
			path = CovidSafe;
			sourceTree = "<group>";
		};
		8E362274260BB1BB006538C9 /* Preview Content */ = {
			isa = PBXGroup;
			children = (
				8E362275260BB1BB006538C9 /* Preview Assets.xcassets */,
			);
			path = "Preview Content";
			sourceTree = "<group>";
		};
		8E36227F260BB1BB006538C9 /* CovidSafeTests */ = {
			isa = PBXGroup;
			children = (
				8E362280260BB1BB006538C9 /* CovidSafeTests.swift */,
				8E362282260BB1BB006538C9 /* Info.plist */,
			);
			path = CovidSafeTests;
			sourceTree = "<group>";
		};
		8E36228A260BB1BB006538C9 /* CovidSafeUITests */ = {
			isa = PBXGroup;
			children = (
				8E36228B260BB1BB006538C9 /* CovidSafeUITests.swift */,
				8E36228D260BB1BB006538C9 /* Info.plist */,
			);
			path = CovidSafeUITests;
			sourceTree = "<group>";
		};
		8E865F0626297497001B09A2 /* Views */ = {
			isa = PBXGroup;
			children = (
				8E865EF526293A3C001B09A2 /* LocationRowView.swift */,
				8E22CFF426337A5200A36740 /* LocationListViews.swift */,
				8E22CFF9263380CC00A36740 /* vaccineClaimView.swift */,
			);
			path = Views;
			sourceTree = "<group>";
		};
		8E865F07262974CA001B09A2 /* Model */ = {
			isa = PBXGroup;
			children = (
				8E865EE626292B65001B09A2 /* VaccinationLocation.swift */,
				8E865EEB26292CCC001B09A2 /* ModelData.swift */,
			);
			path = Model;
			sourceTree = "<group>";
		};
		8E865F08262974ED001B09A2 /* Data */ = {
			isa = PBXGroup;
			children = (
				8E865EF02629370D001B09A2 /* locationsInfo.json */,
			);
			path = Data;
			sourceTree = "<group>";
		};
		8EB16BAA260D8A6C009E2EE1 /* Log In  */ = {
			isa = PBXGroup;
			children = (
				8E3622AB260D467C006538C9 /* LogorSignUpScreen.swift */,
				8E3622B0260D4850006538C9 /* LogIn.swift */,
				8E3622B5260D585A006538C9 /* SignUpPage.swift */,
			);
			path = "Log In ";
			sourceTree = "<group>";
		};
		8EBCC24C262545AA006140FB /* Profile */ = {
			isa = PBXGroup;
			children = (
				8E36229C260BB1D3006538C9 /* Profile.swift */,
				8E3622A1260BB328006538C9 /* ProfileHost.swift */,
				8E3622A6260BB570006538C9 /* ProfileSummary.swift */,
			);
			path = Profile;
			sourceTree = "<group>";
		};
		8EBCC24D262545C6006140FB /* Main */ = {
			isa = PBXGroup;
			children = (
				8E36226E260BB1BA006538C9 /* CovidSafeApp.swift */,
				8E362270260BB1BA006538C9 /* ContentView.swift */,
			);
			path = Main;
			sourceTree = "<group>";
		};
/* End PBXGroup section */

/* Begin PBXNativeTarget section */
		8E36226A260BB1BA006538C9 /* CovidSafe */ = {
			isa = PBXNativeTarget;
			buildConfigurationList = 8E362290260BB1BB006538C9 /* Build configuration list for PBXNativeTarget "CovidSafe" */;
			buildPhases = (
				8E362267260BB1BA006538C9 /* Sources */,
				8E362268260BB1BA006538C9 /* Frameworks */,
				8E362269260BB1BA006538C9 /* Resources */,
			);
			buildRules = (
			);
			dependencies = (
			);
			name = CovidSafe;
			productName = CovidSafe;
			productReference = 8E36226B260BB1BA006538C9 /* CovidSafe.app */;
			productType = "com.apple.product-type.application";
		};
		8E36227B260BB1BB006538C9 /* CovidSafeTests */ = {
			isa = PBXNativeTarget;
			buildConfigurationList = 8E362293260BB1BB006538C9 /* Build configuration list for PBXNativeTarget "CovidSafeTests" */;
			buildPhases = (
				8E362278260BB1BB006538C9 /* Sources */,
				8E362279260BB1BB006538C9 /* Frameworks */,
				8E36227A260BB1BB006538C9 /* Resources */,
			);
			buildRules = (
			);
			dependencies = (
				8E36227E260BB1BB006538C9 /* PBXTargetDependency */,
			);
			name = CovidSafeTests;
			productName = CovidSafeTests;
			productReference = 8E36227C260BB1BB006538C9 /* CovidSafeTests.xctest */;
			productType = "com.apple.product-type.bundle.unit-test";
		};
		8E362286260BB1BB006538C9 /* CovidSafeUITests */ = {
			isa = PBXNativeTarget;
			buildConfigurationList = 8E362296260BB1BB006538C9 /* Build configuration list for PBXNativeTarget "CovidSafeUITests" */;
			buildPhases = (
				8E362283260BB1BB006538C9 /* Sources */,
				8E362284260BB1BB006538C9 /* Frameworks */,
				8E362285260BB1BB006538C9 /* Resources */,
			);
			buildRules = (
			);
			dependencies = (
				8E362289260BB1BB006538C9 /* PBXTargetDependency */,
			);
			name = CovidSafeUITests;
			productName = CovidSafeUITests;
			productReference = 8E362287260BB1BB006538C9 /* CovidSafeUITests.xctest */;
			productType = "com.apple.product-type.bundle.ui-testing";
		};
/* End PBXNativeTarget section */

/* Begin PBXProject section */
		8E362263260BB1BA006538C9 /* Project object */ = {
			isa = PBXProject;
			attributes = {
				LastSwiftUpdateCheck = 1240;
				LastUpgradeCheck = 1240;
				TargetAttributes = {
					8E36226A260BB1BA006538C9 = {
						CreatedOnToolsVersion = 12.4;
					};
					8E36227B260BB1BB006538C9 = {
						CreatedOnToolsVersion = 12.4;
						TestTargetID = 8E36226A260BB1BA006538C9;
					};
					8E362286260BB1BB006538C9 = {
						CreatedOnToolsVersion = 12.4;
						TestTargetID = 8E36226A260BB1BA006538C9;
					};
				};
			};
			buildConfigurationList = 8E362266260BB1BA006538C9 /* Build configuration list for PBXProject "CovidSafe" */;
			compatibilityVersion = "Xcode 9.3";
			developmentRegion = en;
			hasScannedForEncodings = 0;
			knownRegions = (
				en,
				Base,
			);
			mainGroup = 8E362262260BB1BA006538C9;
			productRefGroup = 8E36226C260BB1BA006538C9 /* Products */;
			projectDirPath = "";
			projectRoot = "";
			targets = (
				8E36226A260BB1BA006538C9 /* CovidSafe */,
				8E36227B260BB1BB006538C9 /* CovidSafeTests */,
				8E362286260BB1BB006538C9 /* CovidSafeUITests */,
			);
		};
/* End PBXProject section */

/* Begin PBXResourcesBuildPhase section */
		8E362269260BB1BA006538C9 /* Resources */ = {
			isa = PBXResourcesBuildPhase;
			buildActionMask = 2147483647;
			files = (
				8E362276260BB1BB006538C9 /* Preview Assets.xcassets in Resources */,
				8E362273260BB1BB006538C9 /* Assets.xcassets in Resources */,
				8E865EF12629370D001B09A2 /* locationsInfo.json in Resources */,
			);
			runOnlyForDeploymentPostprocessing = 0;
		};
		8E36227A260BB1BB006538C9 /* Resources */ = {
			isa = PBXResourcesBuildPhase;
			buildActionMask = 2147483647;
			files = (
			);
			runOnlyForDeploymentPostprocessing = 0;
		};
		8E362285260BB1BB006538C9 /* Resources */ = {
			isa = PBXResourcesBuildPhase;
			buildActionMask = 2147483647;
			files = (
			);
			runOnlyForDeploymentPostprocessing = 0;
		};
/* End PBXResourcesBuildPhase section */

/* Begin PBXSourcesBuildPhase section */
		8E362267260BB1BA006538C9 /* Sources */ = {
			isa = PBXSourcesBuildPhase;
			buildActionMask = 2147483647;
			files = (
				8E865EF626293A3C001B09A2 /* LocationRowView.swift in Sources */,
				8E362271260BB1BA006538C9 /* ContentView.swift in Sources */,
				8E3622AC260D467C006538C9 /* LogorSignUpScreen.swift in Sources */,
				8E36229D260BB1D3006538C9 /* Profile.swift in Sources */,
				8E22CFF526337A5200A36740 /* LocationListViews.swift in Sources */,
				8E22CFFA263380CC00A36740 /* vaccineClaimView.swift in Sources */,
				8E865EE726292B65001B09A2 /* VaccinationLocation.swift in Sources */,
				8E3622B1260D4850006538C9 /* LogIn.swift in Sources */,
				8E3622A7260BB570006538C9 /* ProfileSummary.swift in Sources */,
				8E865EEC26292CCC001B09A2 /* ModelData.swift in Sources */,
				8E3622B6260D585A006538C9 /* SignUpPage.swift in Sources */,
				8E36226F260BB1BA006538C9 /* CovidSafeApp.swift in Sources */,
				8E3622A2260BB328006538C9 /* ProfileHost.swift in Sources */,
			);
			runOnlyForDeploymentPostprocessing = 0;
		};
		8E362278260BB1BB006538C9 /* Sources */ = {
			isa = PBXSourcesBuildPhase;
			buildActionMask = 2147483647;
			files = (
				8E362281260BB1BB006538C9 /* CovidSafeTests.swift in Sources */,
			);
			runOnlyForDeploymentPostprocessing = 0;
		};
		8E362283260BB1BB006538C9 /* Sources */ = {
			isa = PBXSourcesBuildPhase;
			buildActionMask = 2147483647;
			files = (
				8E36228C260BB1BB006538C9 /* CovidSafeUITests.swift in Sources */,
			);
			runOnlyForDeploymentPostprocessing = 0;
		};
/* End PBXSourcesBuildPhase section */

/* Begin PBXTargetDependency section */
		8E36227E260BB1BB006538C9 /* PBXTargetDependency */ = {
			isa = PBXTargetDependency;
			target = 8E36226A260BB1BA006538C9 /* CovidSafe */;
			targetProxy = 8E36227D260BB1BB006538C9 /* PBXContainerItemProxy */;
		};
		8E362289260BB1BB006538C9 /* PBXTargetDependency */ = {
			isa = PBXTargetDependency;
			target = 8E36226A260BB1BA006538C9 /* CovidSafe */;
			targetProxy = 8E362288260BB1BB006538C9 /* PBXContainerItemProxy */;
		};
/* End PBXTargetDependency section */

/* Begin XCBuildConfiguration section */
		8E36228E260BB1BB006538C9 /* Debug */ = {
			isa = XCBuildConfiguration;
			buildSettings = {
				ALWAYS_SEARCH_USER_PATHS = NO;
				CLANG_ANALYZER_NONNULL = YES;
				CLANG_ANALYZER_NUMBER_OBJECT_CONVERSION = YES_AGGRESSIVE;
				CLANG_CXX_LANGUAGE_STANDARD = "gnu++14";
				CLANG_CXX_LIBRARY = "libc++";
				CLANG_ENABLE_MODULES = YES;
				CLANG_ENABLE_OBJC_ARC = YES;
				CLANG_ENABLE_OBJC_WEAK = YES;
				CLANG_WARN_BLOCK_CAPTURE_AUTORELEASING = YES;
				CLANG_WARN_BOOL_CONVERSION = YES;
				CLANG_WARN_COMMA = YES;
				CLANG_WARN_CONSTANT_CONVERSION = YES;
				CLANG_WARN_DEPRECATED_OBJC_IMPLEMENTATIONS = YES;
				CLANG_WARN_DIRECT_OBJC_ISA_USAGE = YES_ERROR;
				CLANG_WARN_DOCUMENTATION_COMMENTS = YES;
				CLANG_WARN_EMPTY_BODY = YES;
				CLANG_WARN_ENUM_CONVERSION = YES;
				CLANG_WARN_INFINITE_RECURSION = YES;
				CLANG_WARN_INT_CONVERSION = YES;
				CLANG_WARN_NON_LITERAL_NULL_CONVERSION = YES;
				CLANG_WARN_OBJC_IMPLICIT_RETAIN_SELF = YES;
				CLANG_WARN_OBJC_LITERAL_CONVERSION = YES;
				CLANG_WARN_OBJC_ROOT_CLASS = YES_ERROR;
				CLANG_WARN_QUOTED_INCLUDE_IN_FRAMEWORK_HEADER = YES;
				CLANG_WARN_RANGE_LOOP_ANALYSIS = YES;
				CLANG_WARN_STRICT_PROTOTYPES = YES;
				CLANG_WARN_SUSPICIOUS_MOVE = YES;
				CLANG_WARN_UNGUARDED_AVAILABILITY = YES_AGGRESSIVE;
				CLANG_WARN_UNREACHABLE_CODE = YES;
				CLANG_WARN__DUPLICATE_METHOD_MATCH = YES;
				COPY_PHASE_STRIP = NO;
				DEBUG_INFORMATION_FORMAT = dwarf;
				ENABLE_STRICT_OBJC_MSGSEND = YES;
				ENABLE_TESTABILITY = YES;
				GCC_C_LANGUAGE_STANDARD = gnu11;
				GCC_DYNAMIC_NO_PIC = NO;
				GCC_NO_COMMON_BLOCKS = YES;
				GCC_OPTIMIZATION_LEVEL = 0;
				GCC_PREPROCESSOR_DEFINITIONS = (
					"DEBUG=1",
					"$(inherited)",
				);
				GCC_WARN_64_TO_32_BIT_CONVERSION = YES;
				GCC_WARN_ABOUT_RETURN_TYPE = YES_ERROR;
				GCC_WARN_UNDECLARED_SELECTOR = YES;
				GCC_WARN_UNINITIALIZED_AUTOS = YES_AGGRESSIVE;
				GCC_WARN_UNUSED_FUNCTION = YES;
				GCC_WARN_UNUSED_VARIABLE = YES;
				IPHONEOS_DEPLOYMENT_TARGET = 14.4;
				MTL_ENABLE_DEBUG_INFO = INCLUDE_SOURCE;
				MTL_FAST_MATH = YES;
				ONLY_ACTIVE_ARCH = YES;
				SDKROOT = iphoneos;
				SWIFT_ACTIVE_COMPILATION_CONDITIONS = DEBUG;
				SWIFT_OPTIMIZATION_LEVEL = "-Onone";
			};
			name = Debug;
		};
		8E36228F260BB1BB006538C9 /* Release */ = {
			isa = XCBuildConfiguration;
			buildSettings = {
				ALWAYS_SEARCH_USER_PATHS = NO;
				CLANG_ANALYZER_NONNULL = YES;
				CLANG_ANALYZER_NUMBER_OBJECT_CONVERSION = YES_AGGRESSIVE;
				CLANG_CXX_LANGUAGE_STANDARD = "gnu++14";
				CLANG_CXX_LIBRARY = "libc++";
				CLANG_ENABLE_MODULES = YES;
				CLANG_ENABLE_OBJC_ARC = YES;
				CLANG_ENABLE_OBJC_WEAK = YES;
				CLANG_WARN_BLOCK_CAPTURE_AUTORELEASING = YES;
				CLANG_WARN_BOOL_CONVERSION = YES;
				CLANG_WARN_COMMA = YES;
				CLANG_WARN_CONSTANT_CONVERSION = YES;
				CLANG_WARN_DEPRECATED_OBJC_IMPLEMENTATIONS = YES;
				CLANG_WARN_DIRECT_OBJC_ISA_USAGE = YES_ERROR;
				CLANG_WARN_DOCUMENTATION_COMMENTS = YES;
				CLANG_WARN_EMPTY_BODY = YES;
				CLANG_WARN_ENUM_CONVERSION = YES;
				CLANG_WARN_INFINITE_RECURSION = YES;
				CLANG_WARN_INT_CONVERSION = YES;
				CLANG_WARN_NON_LITERAL_NULL_CONVERSION = YES;
				CLANG_WARN_OBJC_IMPLICIT_RETAIN_SELF = YES;
				CLANG_WARN_OBJC_LITERAL_CONVERSION = YES;
				CLANG_WARN_OBJC_ROOT_CLASS = YES_ERROR;
				CLANG_WARN_QUOTED_INCLUDE_IN_FRAMEWORK_HEADER = YES;
				CLANG_WARN_RANGE_LOOP_ANALYSIS = YES;
				CLANG_WARN_STRICT_PROTOTYPES = YES;
				CLANG_WARN_SUSPICIOUS_MOVE = YES;
				CLANG_WARN_UNGUARDED_AVAILABILITY = YES_AGGRESSIVE;
				CLANG_WARN_UNREACHABLE_CODE = YES;
				CLANG_WARN__DUPLICATE_METHOD_MATCH = YES;
				COPY_PHASE_STRIP = NO;
				DEBUG_INFORMATION_FORMAT = "dwarf-with-dsym";
				ENABLE_NS_ASSERTIONS = NO;
				ENABLE_STRICT_OBJC_MSGSEND = YES;
				GCC_C_LANGUAGE_STANDARD = gnu11;
				GCC_NO_COMMON_BLOCKS = YES;
				GCC_WARN_64_TO_32_BIT_CONVERSION = YES;
				GCC_WARN_ABOUT_RETURN_TYPE = YES_ERROR;
				GCC_WARN_UNDECLARED_SELECTOR = YES;
				GCC_WARN_UNINITIALIZED_AUTOS = YES_AGGRESSIVE;
				GCC_WARN_UNUSED_FUNCTION = YES;
				GCC_WARN_UNUSED_VARIABLE = YES;
				IPHONEOS_DEPLOYMENT_TARGET = 14.4;
				MTL_ENABLE_DEBUG_INFO = NO;
				MTL_FAST_MATH = YES;
				SDKROOT = iphoneos;
				SWIFT_COMPILATION_MODE = wholemodule;
				SWIFT_OPTIMIZATION_LEVEL = "-O";
				VALIDATE_PRODUCT = YES;
			};
			name = Release;
		};
		8E362291260BB1BB006538C9 /* Debug */ = {
			isa = XCBuildConfiguration;
			buildSettings = {
				ASSETCATALOG_COMPILER_APPICON_NAME = AppIcon;
				ASSETCATALOG_COMPILER_GLOBAL_ACCENT_COLOR_NAME = AccentColor;
				CODE_SIGN_STYLE = Automatic;
				DEVELOPMENT_ASSET_PATHS = "\"CovidSafe/Preview Content\"";
				DEVELOPMENT_TEAM = 55ZW8QK3XL;
				ENABLE_PREVIEWS = YES;
				INFOPLIST_FILE = CovidSafe/Info.plist;
				IPHONEOS_DEPLOYMENT_TARGET = 14.0;
				LD_RUNPATH_SEARCH_PATHS = (
					"$(inherited)",
					"@executable_path/Frameworks",
				);
				PRODUCT_BUNDLE_IDENTIFIER = IDK.CovidSafe;
				PRODUCT_NAME = "$(TARGET_NAME)";
				SWIFT_VERSION = 5.0;
				TARGETED_DEVICE_FAMILY = "1,2";
			};
			name = Debug;
		};
		8E362292260BB1BB006538C9 /* Release */ = {
			isa = XCBuildConfiguration;
			buildSettings = {
				ASSETCATALOG_COMPILER_APPICON_NAME = AppIcon;
				ASSETCATALOG_COMPILER_GLOBAL_ACCENT_COLOR_NAME = AccentColor;
				CODE_SIGN_STYLE = Automatic;
				DEVELOPMENT_ASSET_PATHS = "\"CovidSafe/Preview Content\"";
				DEVELOPMENT_TEAM = 55ZW8QK3XL;
				ENABLE_PREVIEWS = YES;
				INFOPLIST_FILE = CovidSafe/Info.plist;
				IPHONEOS_DEPLOYMENT_TARGET = 14.0;
				LD_RUNPATH_SEARCH_PATHS = (
					"$(inherited)",
					"@executable_path/Frameworks",
				);
				PRODUCT_BUNDLE_IDENTIFIER = IDK.CovidSafe;
				PRODUCT_NAME = "$(TARGET_NAME)";
				SWIFT_VERSION = 5.0;
				TARGETED_DEVICE_FAMILY = "1,2";
			};
			name = Release;
		};
		8E362294260BB1BB006538C9 /* Debug */ = {
			isa = XCBuildConfiguration;
			buildSettings = {
				ALWAYS_EMBED_SWIFT_STANDARD_LIBRARIES = YES;
				BUNDLE_LOADER = "$(TEST_HOST)";
				CODE_SIGN_STYLE = Automatic;
				DEVELOPMENT_TEAM = 55ZW8QK3XL;
				INFOPLIST_FILE = CovidSafeTests/Info.plist;
				IPHONEOS_DEPLOYMENT_TARGET = 14.0;
				LD_RUNPATH_SEARCH_PATHS = (
					"$(inherited)",
					"@executable_path/Frameworks",
					"@loader_path/Frameworks",
				);
				PRODUCT_BUNDLE_IDENTIFIER = IDK.CovidSafeTests;
				PRODUCT_NAME = "$(TARGET_NAME)";
				SWIFT_VERSION = 5.0;
				TARGETED_DEVICE_FAMILY = "1,2";
				TEST_HOST = "$(BUILT_PRODUCTS_DIR)/CovidSafe.app/CovidSafe";
			};
			name = Debug;
		};
		8E362295260BB1BB006538C9 /* Release */ = {
			isa = XCBuildConfiguration;
			buildSettings = {
				ALWAYS_EMBED_SWIFT_STANDARD_LIBRARIES = YES;
				BUNDLE_LOADER = "$(TEST_HOST)";
				CODE_SIGN_STYLE = Automatic;
				DEVELOPMENT_TEAM = 55ZW8QK3XL;
				INFOPLIST_FILE = CovidSafeTests/Info.plist;
				IPHONEOS_DEPLOYMENT_TARGET = 14.0;
				LD_RUNPATH_SEARCH_PATHS = (
					"$(inherited)",
					"@executable_path/Frameworks",
					"@loader_path/Frameworks",
				);
				PRODUCT_BUNDLE_IDENTIFIER = IDK.CovidSafeTests;
				PRODUCT_NAME = "$(TARGET_NAME)";
				SWIFT_VERSION = 5.0;
				TARGETED_DEVICE_FAMILY = "1,2";
				TEST_HOST = "$(BUILT_PRODUCTS_DIR)/CovidSafe.app/CovidSafe";
			};
			name = Release;
		};
		8E362297260BB1BB006538C9 /* Debug */ = {
			isa = XCBuildConfiguration;
			buildSettings = {
				ALWAYS_EMBED_SWIFT_STANDARD_LIBRARIES = YES;
				CODE_SIGN_STYLE = Automatic;
				DEVELOPMENT_TEAM = 55ZW8QK3XL;
				INFOPLIST_FILE = CovidSafeUITests/Info.plist;
				LD_RUNPATH_SEARCH_PATHS = (
					"$(inherited)",
					"@executable_path/Frameworks",
					"@loader_path/Frameworks",
				);
				PRODUCT_BUNDLE_IDENTIFIER = IDK.CovidSafeUITests;
				PRODUCT_NAME = "$(TARGET_NAME)";
				SWIFT_VERSION = 5.0;
				TARGETED_DEVICE_FAMILY = "1,2";
				TEST_TARGET_NAME = CovidSafe;
			};
			name = Debug;
		};
		8E362298260BB1BB006538C9 /* Release */ = {
			isa = XCBuildConfiguration;
			buildSettings = {
				ALWAYS_EMBED_SWIFT_STANDARD_LIBRARIES = YES;
				CODE_SIGN_STYLE = Automatic;
				DEVELOPMENT_TEAM = 55ZW8QK3XL;
				INFOPLIST_FILE = CovidSafeUITests/Info.plist;
				LD_RUNPATH_SEARCH_PATHS = (
					"$(inherited)",
					"@executable_path/Frameworks",
					"@loader_path/Frameworks",
				);
				PRODUCT_BUNDLE_IDENTIFIER = IDK.CovidSafeUITests;
				PRODUCT_NAME = "$(TARGET_NAME)";
				SWIFT_VERSION = 5.0;
				TARGETED_DEVICE_FAMILY = "1,2";
				TEST_TARGET_NAME = CovidSafe;
			};
			name = Release;
		};
/* End XCBuildConfiguration section */

/* Begin XCConfigurationList section */
		8E362266260BB1BA006538C9 /* Build configuration list for PBXProject "CovidSafe" */ = {
			isa = XCConfigurationList;
			buildConfigurations = (
				8E36228E260BB1BB006538C9 /* Debug */,
				8E36228F260BB1BB006538C9 /* Release */,
			);
			defaultConfigurationIsVisible = 0;
			defaultConfigurationName = Release;
		};
		8E362290260BB1BB006538C9 /* Build configuration list for PBXNativeTarget "CovidSafe" */ = {
			isa = XCConfigurationList;
			buildConfigurations = (
				8E362291260BB1BB006538C9 /* Debug */,
				8E362292260BB1BB006538C9 /* Release */,
			);
			defaultConfigurationIsVisible = 0;
			defaultConfigurationName = Release;
		};
		8E362293260BB1BB006538C9 /* Build configuration list for PBXNativeTarget "CovidSafeTests" */ = {
			isa = XCConfigurationList;
			buildConfigurations = (
				8E362294260BB1BB006538C9 /* Debug */,
				8E362295260BB1BB006538C9 /* Release */,
			);
			defaultConfigurationIsVisible = 0;
			defaultConfigurationName = Release;
		};
		8E362296260BB1BB006538C9 /* Build configuration list for PBXNativeTarget "CovidSafeUITests" */ = {
			isa = XCConfigurationList;
			buildConfigurations = (
				8E362297260BB1BB006538C9 /* Debug */,
				8E362298260BB1BB006538C9 /* Release */,
			);
			defaultConfigurationIsVisible = 0;
			defaultConfigurationName = Release;
		};
/* End XCConfigurationList section */
	};
	rootObject = 8E362263260BB1BA006538C9 /* Project object */;
}
